
Microsoft Visual Studio Solution File, Format Version 12.00
# Visual Studio Version 17
VisualStudioVersion = 17.7.34031.279
MinimumVisualStudioVersion = 10.0.40219.1
Project("{FAE04EC0-301F-11D3-BF4B-00C04F79EFBC}") = "InventarioDB", "InventarioDB\InventarioDB.csproj", "{2AC8E9ED-19DC-4A2E-A118-5FADF4BA1994}"
EndProject
Global
	GlobalSection(SolutionConfigurationPlatforms) = preSolution
		Debug|Any CPU = Debug|Any CPU
		Release|Any CPU = Release|Any CPU
	EndGlobalSection
	GlobalSection(ProjectConfigurationPlatforms) = postSolution
		{2AC8E9ED-19DC-4A2E-A118-5FADF4BA1994}.Debug|Any CPU.ActiveCfg = Debug|Any CPU
		{2AC8E9ED-19DC-4A2E-A118-5FADF4BA1994}.Debug|Any CPU.Build.0 = Debug|Any CPU
		{2AC8E9ED-19DC-4A2E-A118-5FADF4BA1994}.Release|Any CPU.ActiveCfg = Release|Any CPU
		{2AC8E9ED-19DC-4A2E-A118-5FADF4BA1994}.Release|Any CPU.Build.0 = Release|Any CPU
	EndGlobalSection
	GlobalSection(SolutionProperties) = preSolution
		HideSolutionNode = FALSE
	EndGlobalSection
	GlobalSection(ExtensibilityGlobals) = postSolution
		SolutionGuid = {C1F4718A-238B-410E-BBAC-0C481F7FBEFF}
	EndGlobalSection
EndGlobal
